
Microsoft Visual Studio Solution File, Format Version 12.00
# Visual Studio Version 17
VisualStudioVersion = 17.14.36414.22 d17.14
MinimumVisualStudioVersion = 10.0.40219.1
Project("{FAE04EC0-301F-11D3-BF4B-00C04F79EFBC}") = "ConsoleApp34", "ConsoleApp34\ConsoleApp34.csproj", "{7633D4EF-D7F9-4E8D-8A60-D31A1E44F4BF}"
EndProject
Global
	GlobalSection(SolutionConfigurationPlatforms) = preSolution
		Debug|Any CPU = Debug|Any CPU
		Release|Any CPU = Release|Any CPU
	EndGlobalSection
	GlobalSection(ProjectConfigurationPlatforms) = postSolution
		{7633D4EF-D7F9-4E8D-8A60-D31A1E44F4BF}.Debug|Any CPU.ActiveCfg = Debug|Any CPU
		{7633D4EF-D7F9-4E8D-8A60-D31A1E44F4BF}.Debug|Any CPU.Build.0 = Debug|Any CPU
		{7633D4EF-D7F9-4E8D-8A60-D31A1E44F4BF}.Release|Any CPU.ActiveCfg = Release|Any CPU
		{7633D4EF-D7F9-4E8D-8A60-D31A1E44F4BF}.Release|Any CPU.Build.0 = Release|Any CPU
	EndGlobalSection
	GlobalSection(SolutionProperties) = preSolution
		HideSolutionNode = FALSE
	EndGlobalSection
	GlobalSection(ExtensibilityGlobals) = postSolution
		SolutionGuid = {0DC33FAD-D48B-4161-9E73-4A5FF5A13DA2}
	EndGlobalSection
EndGlobal
